
Microsoft Visual Studio Solution File, Format Version 12.00
# Visual Studio Version 17
VisualStudioVersion = 17.6.33723.286
MinimumVisualStudioVersion = 10.0.40219.1
Project("{9A19103F-16F7-4668-BE54-9A1E7A4F7556}") = "Filer", "Filer\Filer.csproj", "{F67BBAF8-2684-40A0-9332-ED594677C443}"
EndProject
Project("{9A19103F-16F7-4668-BE54-9A1E7A4F7556}") = "WinFileSort", "WinFileSort\WinFileSort.csproj", "{1A38EA37-5883-42B9-ADE0-00B64908FB96}"
EndProject
Project("{9A19103F-16F7-4668-BE54-9A1E7A4F7556}") = "JSNQ", "JSNQ\JSNQ.csproj", "{7EF52792-E18D-4DE0-94E1-66483C1BF59E}"
EndProject
Project("{2150E333-8FDC-42A3-9474-1A3956D46DE8}") = "Solution Items", "Solution Items", "{01F6E9E8-5BC6-40A9-A932-D71AE243AF7C}"
	ProjectSection(SolutionItems) = preProject
		Other\Snippet.txt = Other\Snippet.txt
		Other\Todo.txt = Other\Todo.txt
	EndProjectSection
EndProject
Project("{9A19103F-16F7-4668-BE54-9A1E7A4F7556}") = "FileSweep", "FileSweep\FileSweep.csproj", "{5E0AB117-D4B2-42BA-87FD-053946136666}"
EndProject
Project("{9A19103F-16F7-4668-BE54-9A1E7A4F7556}") = "RandFileOpen", "RandFileOpen\RandFileOpen.csproj", "{8F0994AE-6FD9-43CE-A2FA-F29EA7C4FBED}"
EndProject
Project("{9A19103F-16F7-4668-BE54-9A1E7A4F7556}") = "WPFLib", "WPFLib\WPFLib.csproj", "{F52D6060-EE2D-4181-8655-B7DB4F8072D9}"
EndProject
Global
	GlobalSection(SolutionConfigurationPlatforms) = preSolution
		Debug|Any CPU = Debug|Any CPU
		Release|Any CPU = Release|Any CPU
	EndGlobalSection
	GlobalSection(ProjectConfigurationPlatforms) = postSolution
		{F67BBAF8-2684-40A0-9332-ED594677C443}.Debug|Any CPU.ActiveCfg = Debug|Any CPU
		{F67BBAF8-2684-40A0-9332-ED594677C443}.Debug|Any CPU.Build.0 = Debug|Any CPU
		{F67BBAF8-2684-40A0-9332-ED594677C443}.Release|Any CPU.ActiveCfg = Release|Any CPU
		{F67BBAF8-2684-40A0-9332-ED594677C443}.Release|Any CPU.Build.0 = Release|Any CPU
		{1A38EA37-5883-42B9-ADE0-00B64908FB96}.Debug|Any CPU.ActiveCfg = Debug|Any CPU
		{1A38EA37-5883-42B9-ADE0-00B64908FB96}.Debug|Any CPU.Build.0 = Debug|Any CPU
		{1A38EA37-5883-42B9-ADE0-00B64908FB96}.Release|Any CPU.ActiveCfg = Release|Any CPU
		{1A38EA37-5883-42B9-ADE0-00B64908FB96}.Release|Any CPU.Build.0 = Release|Any CPU
		{7EF52792-E18D-4DE0-94E1-66483C1BF59E}.Debug|Any CPU.ActiveCfg = Debug|Any CPU
		{7EF52792-E18D-4DE0-94E1-66483C1BF59E}.Debug|Any CPU.Build.0 = Debug|Any CPU
		{7EF52792-E18D-4DE0-94E1-66483C1BF59E}.Release|Any CPU.ActiveCfg = Release|Any CPU
		{7EF52792-E18D-4DE0-94E1-66483C1BF59E}.Release|Any CPU.Build.0 = Release|Any CPU
		{5E0AB117-D4B2-42BA-87FD-053946136666}.Debug|Any CPU.ActiveCfg = Debug|Any CPU
		{5E0AB117-D4B2-42BA-87FD-053946136666}.Debug|Any CPU.Build.0 = Debug|Any CPU
		{5E0AB117-D4B2-42BA-87FD-053946136666}.Release|Any CPU.ActiveCfg = Release|Any CPU
		{5E0AB117-D4B2-42BA-87FD-053946136666}.Release|Any CPU.Build.0 = Release|Any CPU
		{8F0994AE-6FD9-43CE-A2FA-F29EA7C4FBED}.Debug|Any CPU.ActiveCfg = Debug|Any CPU
		{8F0994AE-6FD9-43CE-A2FA-F29EA7C4FBED}.Debug|Any CPU.Build.0 = Debug|Any CPU
		{8F0994AE-6FD9-43CE-A2FA-F29EA7C4FBED}.Release|Any CPU.ActiveCfg = Release|Any CPU
		{8F0994AE-6FD9-43CE-A2FA-F29EA7C4FBED}.Release|Any CPU.Build.0 = Release|Any CPU
		{F52D6060-EE2D-4181-8655-B7DB4F8072D9}.Debug|Any CPU.ActiveCfg = Debug|Any CPU
		{F52D6060-EE2D-4181-8655-B7DB4F8072D9}.Debug|Any CPU.Build.0 = Debug|Any CPU
		{F52D6060-EE2D-4181-8655-B7DB4F8072D9}.Release|Any CPU.ActiveCfg = Release|Any CPU
		{F52D6060-EE2D-4181-8655-B7DB4F8072D9}.Release|Any CPU.Build.0 = Release|Any CPU
	EndGlobalSection
	GlobalSection(SolutionProperties) = preSolution
		HideSolutionNode = FALSE
	EndGlobalSection
	GlobalSection(ExtensibilityGlobals) = postSolution
		SolutionGuid = {09152582-2642-4FC1-9114-8C0223EE481C}
	EndGlobalSection
EndGlobal
